# THIS IS AN AUTOGENERATED FILE. DO NOT EDIT THIS FILE DIRECTLY.
# yarn lockfile v1


"@rollup/rollup-android-arm-eabi@4.9.5":
  version "4.9.5"
  resolved "https://registry.yarnpkg.com/@rollup/rollup-android-arm-eabi/-/rollup-android-arm-eabi-4.9.5.tgz#b752b6c88a14ccfcbdf3f48c577ccc3a7f0e66b9"
  integrity sha512-idWaG8xeSRCfRq9KpRysDHJ/rEHBEXcHuJ82XY0yYFIWnLMjZv9vF/7DOq8djQ2n3Lk6+3qfSH8AqlmHlmi1MA==

"@rollup/rollup-android-arm64@4.9.5":
  version "4.9.5"
  resolved "https://registry.yarnpkg.com/@rollup/rollup-android-arm64/-/rollup-android-arm64-4.9.5.tgz#33757c3a448b9ef77b6f6292d8b0ec45c87e9c1a"
  integrity sha512-f14d7uhAMtsCGjAYwZGv6TwuS3IFaM4ZnGMUn3aCBgkcHAYErhV1Ad97WzBvS2o0aaDv4mVz+syiN0ElMyfBPg==

"@rollup/rollup-darwin-arm64@4.9.5":
  version "4.9.5"
  resolved "https://registry.yarnpkg.com/@rollup/rollup-darwin-arm64/-/rollup-darwin-arm64-4.9.5.tgz#5234ba62665a3f443143bc8bcea9df2cc58f55fb"
  integrity sha512-ndoXeLx455FffL68OIUrVr89Xu1WLzAG4n65R8roDlCoYiQcGGg6MALvs2Ap9zs7AHg8mpHtMpwC8jBBjZrT/w==

"@rollup/rollup-darwin-x64@4.9.5":
  version "4.9.5"
  resolved "https://registry.yarnpkg.com/@rollup/rollup-darwin-x64/-/rollup-darwin-x64-4.9.5.tgz#981256c054d3247b83313724938d606798a919d1"
  integrity sha512-UmElV1OY2m/1KEEqTlIjieKfVwRg0Zwg4PLgNf0s3glAHXBN99KLpw5A5lrSYCa1Kp63czTpVll2MAqbZYIHoA==

"@rollup/rollup-linux-arm-gnueabihf@4.9.5":
  version "4.9.5"
  resolved "https://registry.yarnpkg.com/@rollup/rollup-linux-arm-gnueabihf/-/rollup-linux-arm-gnueabihf-4.9.5.tgz#120678a5a2b3a283a548dbb4d337f9187a793560"
  integrity sha512-Q0LcU61v92tQB6ae+udZvOyZ0wfpGojtAKrrpAaIqmJ7+psq4cMIhT/9lfV6UQIpeItnq/2QDROhNLo00lOD1g==

"@rollup/rollup-linux-arm64-gnu@4.9.5":
  version "4.9.5"
  resolved "https://registry.yarnpkg.com/@rollup/rollup-linux-arm64-gnu/-/rollup-linux-arm64-gnu-4.9.5.tgz#c99d857e2372ece544b6f60b85058ad259f64114"
  integrity sha512-dkRscpM+RrR2Ee3eOQmRWFjmV/payHEOrjyq1VZegRUa5OrZJ2MAxBNs05bZuY0YCtpqETDy1Ix4i/hRqX98cA==

"@rollup/rollup-linux-arm64-musl@4.9.5":
  version "4.9.5"
  resolved "https://registry.yarnpkg.com/@rollup/rollup-linux-arm64-musl/-/rollup-linux-arm64-musl-4.9.5.tgz#3064060f568a5718c2a06858cd6e6d24f2ff8632"
  integrity sha512-QaKFVOzzST2xzY4MAmiDmURagWLFh+zZtttuEnuNn19AiZ0T3fhPyjPPGwLNdiDT82ZE91hnfJsUiDwF9DClIQ==

"@rollup/rollup-linux-riscv64-gnu@4.9.5":
  version "4.9.5"
  resolved "https://registry.yarnpkg.com/@rollup/rollup-linux-riscv64-gnu/-/rollup-linux-riscv64-gnu-4.9.5.tgz#987d30b5d2b992fff07d055015991a57ff55fbad"
  integrity sha512-HeGqmRJuyVg6/X6MpE2ur7GbymBPS8Np0S/vQFHDmocfORT+Zt76qu+69NUoxXzGqVP1pzaY6QIi0FJWLC3OPA==

"@rollup/rollup-linux-x64-gnu@4.9.5":
  version "4.9.5"
  resolved "https://registry.yarnpkg.com/@rollup/rollup-linux-x64-gnu/-/rollup-linux-x64-gnu-4.9.5.tgz#85946ee4d068bd12197aeeec2c6f679c94978a49"
  integrity sha512-Dq1bqBdLaZ1Gb/l2e5/+o3B18+8TI9ANlA1SkejZqDgdU/jK/ThYaMPMJpVMMXy2uRHvGKbkz9vheVGdq3cJfA==

"@rollup/rollup-linux-x64-musl@4.9.5":
  version "4.9.5"
  resolved "https://registry.yarnpkg.com/@rollup/rollup-linux-x64-musl/-/rollup-linux-x64-musl-4.9.5.tgz#fe0b20f9749a60eb1df43d20effa96c756ddcbd4"
  integrity sha512-ezyFUOwldYpj7AbkwyW9AJ203peub81CaAIVvckdkyH8EvhEIoKzaMFJj0G4qYJ5sw3BpqhFrsCc30t54HV8vg==

"@rollup/rollup-win32-arm64-msvc@4.9.5":
  version "4.9.5"
  resolved "https://registry.yarnpkg.com/@rollup/rollup-win32-arm64-msvc/-/rollup-win32-arm64-msvc-4.9.5.tgz#422661ef0e16699a234465d15b2c1089ef963b2a"
  integrity sha512-aHSsMnUw+0UETB0Hlv7B/ZHOGY5bQdwMKJSzGfDfvyhnpmVxLMGnQPGNE9wgqkLUs3+gbG1Qx02S2LLfJ5GaRQ==

"@rollup/rollup-win32-ia32-msvc@4.9.5":
  version "4.9.5"
  resolved "https://registry.yarnpkg.com/@rollup/rollup-win32-ia32-msvc/-/rollup-win32-ia32-msvc-4.9.5.tgz#7b73a145891c202fbcc08759248983667a035d85"
  integrity sha512-AiqiLkb9KSf7Lj/o1U3SEP9Zn+5NuVKgFdRIZkvd4N0+bYrTOovVd0+LmYCPQGbocT4kvFyK+LXCDiXPBF3fyA==

"@rollup/rollup-win32-x64-msvc@4.9.5":
  version "4.9.5"
  resolved "https://registry.yarnpkg.com/@rollup/rollup-win32-x64-msvc/-/rollup-win32-x64-msvc-4.9.5.tgz#10491ccf4f63c814d4149e0316541476ea603602"
  integrity sha512-1q+mykKE3Vot1kaFJIDoUFv5TuW+QQVaf2FmTT9krg86pQrGStOSJJ0Zil7CFagyxDuouTepzt5Y5TVzyajOdQ==

"@types/estree@1.0.5":
  version "1.0.5"
  resolved "https://registry.yarnpkg.com/@types/estree/-/estree-1.0.5.tgz#a6ce3e556e00fd9895dd872dd172ad0d4bd687f4"
  integrity sha512-/kYRxGDLWzHOB7q+wtSUQlFrtcdUccpfy+X+9iMBpHK8QLLhx2wIPYuS5DYtR9Wa/YlZAbIovy7qVdB1Aq6Lyw==

fsevents@~2.3.2:
  version "2.3.3"
  resolved "https://registry.yarnpkg.com/fsevents/-/fsevents-2.3.3.tgz#cac6407785d03675a2a5e1a5305c697b347d90d6"
  integrity sha512-5xoDfX+fL7faATnagmWPpbFtwh/R77WmMMqqHGS65C3vvB0YHrgF+B1YmZ3441tMj5n63k0212XNoJwzlhffQw==

rollup@^4.9.5:
  version "4.9.5"
  resolved "https://registry.yarnpkg.com/rollup/-/rollup-4.9.5.tgz#62999462c90f4c8b5d7c38fc7161e63b29101b05"
  integrity sha512-E4vQW0H/mbNMw2yLSqJyjtkHY9dslf/p0zuT1xehNRqUTBOFMqEjguDvqhXr7N7r/4ttb2jr4T41d3dncmIgbQ==
  dependencies:
    "@types/estree" "1.0.5"
  optionalDependencies:
    "@rollup/rollup-android-arm-eabi" "4.9.5"
    "@rollup/rollup-android-arm64" "4.9.5"
    "@rollup/rollup-darwin-arm64" "4.9.5"
    "@rollup/rollup-darwin-x64" "4.9.5"
    "@rollup/rollup-linux-arm-gnueabihf" "4.9.5"
    "@rollup/rollup-linux-arm64-gnu" "4.9.5"
    "@rollup/rollup-linux-arm64-musl" "4.9.5"
    "@rollup/rollup-linux-riscv64-gnu" "4.9.5"
    "@rollup/rollup-linux-x64-gnu" "4.9.5"
    "@rollup/rollup-linux-x64-musl" "4.9.5"
    "@rollup/rollup-win32-arm64-msvc" "4.9.5"
    "@rollup/rollup-win32-ia32-msvc" "4.9.5"
    "@rollup/rollup-win32-x64-msvc" "4.9.5"
    fsevents "~2.3.2"
